
Microsoft Visual Studio Solution File, Format Version 12.00
# Visual Studio Version 16
VisualStudioVersion = 16.0.30523.141
MinimumVisualStudioVersion = 10.0.40219.1
Project("{FAE04EC0-301F-11D3-BF4B-00C04F79EFBC}") = "MyFirstApp", "MyFirstApp.csproj", "{4C04FAC1-5C77-4457-9829-96AE09BFA007}"
EndProject
Global
	GlobalSection(SolutionConfigurationPlatforms) = preSolution
		Debug|Any CPU = Debug|Any CPU
		Release|Any CPU = Release|Any CPU
	EndGlobalSection
	GlobalSection(ProjectConfigurationPlatforms) = postSolution
		{4C04FAC1-5C77-4457-9829-96AE09BFA007}.Debug|Any CPU.ActiveCfg = Debug|Any CPU
		{4C04FAC1-5C77-4457-9829-96AE09BFA007}.Debug|Any CPU.Build.0 = Debug|Any CPU
		{4C04FAC1-5C77-4457-9829-96AE09BFA007}.Release|Any CPU.ActiveCfg = Release|Any CPU
		{4C04FAC1-5C77-4457-9829-96AE09BFA007}.Release|Any CPU.Build.0 = Release|Any CPU
	EndGlobalSection
	GlobalSection(SolutionProperties) = preSolution
		HideSolutionNode = FALSE
	EndGlobalSection
	GlobalSection(ExtensibilityGlobals) = postSolution
		SolutionGuid = {5DB2E9FD-4CC2-4D5B-8836-133601B44FFE}
	EndGlobalSection
EndGlobal
